
Microsoft Visual Studio Solution File, Format Version 12.00
# Visual Studio Version 17
VisualStudioVersion = 17.7.34031.279
MinimumVisualStudioVersion = 10.0.40219.1
Project("{FAE04EC0-301F-11D3-BF4B-00C04F79EFBC}") = "ProgressBar", "ProgressBar\ProgressBar.csproj", "{8918983D-E93C-4522-B60A-8191A5A3EA85}"
EndProject
Global
	GlobalSection(SolutionConfigurationPlatforms) = preSolution
		Debug|Any CPU = Debug|Any CPU
		Release|Any CPU = Release|Any CPU
	EndGlobalSection
	GlobalSection(ProjectConfigurationPlatforms) = postSolution
		{8918983D-E93C-4522-B60A-8191A5A3EA85}.Debug|Any CPU.ActiveCfg = Debug|Any CPU
		{8918983D-E93C-4522-B60A-8191A5A3EA85}.Debug|Any CPU.Build.0 = Debug|Any CPU
		{8918983D-E93C-4522-B60A-8191A5A3EA85}.Release|Any CPU.ActiveCfg = Release|Any CPU
		{8918983D-E93C-4522-B60A-8191A5A3EA85}.Release|Any CPU.Build.0 = Release|Any CPU
	EndGlobalSection
	GlobalSection(SolutionProperties) = preSolution
		HideSolutionNode = FALSE
	EndGlobalSection
	GlobalSection(ExtensibilityGlobals) = postSolution
		SolutionGuid = {3C81121D-ACDF-45EF-BE62-37FA6912F5CC}
	EndGlobalSection
EndGlobal
